PODS:
  - Alamofire (3.5.1)
  - Bolts (1.8.4):
    - Bolts/AppLinks (= 1.8.4)
    - Bolts/Tasks (= 1.8.4)
  - Bolts/AppLinks (1.8.4):
    - Bolts/Tasks
  - Bolts/Tasks (1.8.4)
  - Crashlytics (3.8.3):
    - Fabric (~> 1.6.3)
  - CVCalendar (1.3.0)
  - DACircularProgress (2.3.1)
  - Fabric (1.6.11)
  - FBSDKCoreKit (4.19.0):
    - Bolts (~> 1.7)
  - FBSDKLoginKit (4.19.0):
    - FBSDKCoreKit
  - HanekeSwift (0.10.1)
  - InnerShadowView (1.0.0)
  - JSQMessagesViewController (7.3.4):
    - JSQSystemSoundPlayer (~> 2.0.1)
  - JSQSystemSoundPlayer (2.0.1)
  - MBProgressHUD (0.9.2)
  - MCSwipeTableViewCell (2.1.4)
  - Moya (7.0.4):
    - Moya/Core (= 7.0.4)
  - Moya-SwiftyJSONMapper (1.0.5):
    - Moya-SwiftyJSONMapper/Core (= 1.0.5)
  - Moya-SwiftyJSONMapper/Core (1.0.5):
    - Moya
    - SwiftyJSON (~> 2.3.2)
  - Moya/Core (7.0.4):
    - Alamofire (~> 3.5)
    - Result (~> 2.0)
  - MWPhotoBrowser (2.1.2):
    - DACircularProgress (~> 2.3)
    - MBProgressHUD (~> 0.9)
    - SDWebImage (!= 3.7.2, ~> 3.7)
  - PhoneNumberKit (0.8.5):
    - PhoneNumberKit/PhoneNumberKitCore (= 0.8.5)
    - PhoneNumberKit/UIKit (= 0.8.5)
  - PhoneNumberKit/PhoneNumberKitCore (0.8.5)
  - PhoneNumberKit/UIKit (0.8.5):
    - PhoneNumberKit/PhoneNumberKitCore
  - PureLayout (3.0.2)
  - Realm (2.4.2):
    - Realm/Headers (= 2.4.2)
  - Realm/Headers (2.4.2)
  - RealmSwift (2.4.2):
    - Realm (= 2.4.2)
  - Result (2.1.3)
  - Reusable (2.5.1):
    - Reusable/Storyboard (= 2.5.1)
    - Reusable/View (= 2.5.1)
  - Reusable/Storyboard (2.5.1)
  - Reusable/View (2.5.1)
  - SDWebImage (3.8.2):
    - SDWebImage/Core (= 3.8.2)
  - SDWebImage/Core (3.8.2)
  - SVPullToRefresh (0.4.1)
  - SwiftDate (3.0.9)
  - SwiftSpinner (0.9.3)
  - SwiftyJSON (2.3.3)
  - Toucan (0.5.0)
  - UICountingLabel (1.4.0)
  - VK-ios-sdk (1.4.6)
  - XCDYouTubeKit (2.5.4)

DEPENDENCIES:
  - Crashlytics (~> 3.8)
  - CVCalendar (from `https://github.com/BxSMobility/CVCalendar`)
  - Fabric (~> 1.6)
  - FBSDKCoreKit (~> 4.16)
  - FBSDKLoginKit (~> 4.16)
  - HanekeSwift (~> 0.10)
  - InnerShadowView (~> 1.0)
  - JSQMessagesViewController (~> 7.3)
  - MCSwipeTableViewCell (~> 2.1)
  - Moya (~> 7.0)
  - Moya-SwiftyJSONMapper (~> 1.0)
  - MWPhotoBrowser (~> 2.1)
  - PhoneNumberKit (from `https://github.com/marmelroy/PhoneNumberKit`, branch `swift2.3`)
  - PureLayout (~> 3.0)
  - RealmSwift (~> 2.4)
  - Reusable (~> 2.5)
  - SVPullToRefresh (~> 0.4)
  - SwiftDate (from `https://github.com/malcommac/SwiftDate.git`, branch `feature/swift_23`)
  - SwiftSpinner (from `https://github.com/OMsignal/SwiftSpinner`, branch `xcode8-swift2.3`)
  - Toucan (from `https://github.com/gavinbunney/Toucan`, branch `develop-swift-2.3`)
  - UICountingLabel (~> 1.4)
  - VK-ios-sdk (~> 1.4)
  - XCDYouTubeKit (~> 2.5)

EXTERNAL SOURCES:
  CVCalendar:
    :git: https://github.com/BxSMobility/CVCalendar
  PhoneNumberKit:
    :branch: swift2.3
    :git: https://github.com/marmelroy/PhoneNumberKit
  SwiftDate:
    :branch: feature/swift_23
    :git: https://github.com/malcommac/SwiftDate.git
  SwiftSpinner:
    :branch: xcode8-swift2.3
    :git: https://github.com/OMsignal/SwiftSpinner
  Toucan:
    :branch: develop-swift-2.3
    :git: https://github.com/gavinbunney/Toucan

CHECKOUT OPTIONS:
  CVCalendar:
    :commit: c3a95454395633b1bc412d02c06c1b2b80aa1695
    :git: https://github.com/BxSMobility/CVCalendar
  PhoneNumberKit:
    :commit: 53b4327ed2313d961509a95d70c99bb1afd3ae4e
    :git: https://github.com/marmelroy/PhoneNumberKit
  SwiftDate:
    :commit: 1608e37a42a4f1fec52b324f4f96726d414bd04b
    :git: https://github.com/malcommac/SwiftDate.git
  SwiftSpinner:
    :commit: d8b43cefdae0930d1b3ead293abb5a8cef31a23b
    :git: https://github.com/OMsignal/SwiftSpinner
  Toucan:
    :commit: ae49ac720f7aed13d7a28f852401b0d6529b36d4
    :git: https://github.com/gavinbunney/Toucan

SPEC CHECKSUMS:
  Alamofire: 0dfba1184a543e2aa160f4e39cac4e8aba48d223
  Bolts: 8a7995239dbe724f9cba2248b766d48b7ebdd322
  Crashlytics: 2b6dbe138a42395577cfa73dfa1aa7248cadf39e
  CVCalendar: 160faf4e1797132875ba7df4a15a3bc9759af4f1
  DACircularProgress: 4dd437c0fc3da5161cb289e07ac449493d41db71
  Fabric: 5911403591946b8228ab1c51d98f1d7137e863c6
  FBSDKCoreKit: 894b2b6eda6a4c8c4204e92e59cc355709ef045c
  FBSDKLoginKit: 83ca4d8f12a2022570af9fd6aacf27f6b425b99f
  HanekeSwift: '08e47d3d0f2899ec58e5d257beba0de619aca9e8'
  InnerShadowView: 1b9a599b944c97baa8be6ae81eca896a15f2e12e
  JSQMessagesViewController: 39fed975e3c9f8eba7292071e29eeb541d105e66
  JSQSystemSoundPlayer: c5850e77a4363ffd374cd851154b9af93264ed8d
  MBProgressHUD: 1569cf7ace17a8bac47aabfbb8580a49690386d1
  MCSwipeTableViewCell: 1b303e16c3a26b1982f3a68386e9b8c5fc8344c3
  Moya: d309d994aa096916c4d95bc2a162789b4745d7cb
  Moya-SwiftyJSONMapper: 62ceac2d9604404623941c41743e04e0cf1a0a86
  MWPhotoBrowser: 5836d7aa041dc05a13de380c246826578adc5ea5
  PhoneNumberKit: 5668a7af19d2e566d92831a632ee80f5047eff75
  PureLayout: 4d550abe49a94f24c2808b9b95db9131685fe4cd
  Realm: d27b758e12d62a3371879a065d4c40aa212c5a54
  RealmSwift: 9556c0fe0f0cfecacfb755ae9e68ff379fc6bead
  Result: 18e1a7597fbcca5923c565b40a25a98afafdee02
  Reusable: '093546cefed77fd939ddfd681f499f059c1027a2'
  SDWebImage: '098e97e6176540799c27e804c96653ee0833d13c'
  SVPullToRefresh: ba2e718695a43253d8bea6852d2960097dc15d8c
  SwiftDate: fa487d9b7d8c3070ea2553486902494f4915465d
  SwiftSpinner: 3c6d08921578421a39522b20c8aa737cdf20aca3
  SwiftyJSON: 0fd0a115a3c0c09b277d2ab801df154902b942c3
  Toucan: '0519c341148252ae114c5a657d2a85bb9ada9e40'
  UICountingLabel: ed5ce5b6d5ef278ff40d99cfa49577a30ab0c87b
  VK-ios-sdk: 7fd48bc5aaa6b96c3197c1987eb6593f2ea67331
  XCDYouTubeKit: 80eb3978dae220a0116d198bca6852c6c969fa66

PODFILE CHECKSUM: 742fe74921a33c3f8cf16279fb35146f4f0a5297

COCOAPODS: 1.2.0
