PODS:
  - Alamofire (3.2.0)
  - Crashlytics (3.6.0):
    - Fabric (~> 1.6.3)
  - CVCalendar (1.2.8)
  - Fabric (1.6.5)
  - MagicalRecord (2.3.2):
    - MagicalRecord/Core (= 2.3.2)
  - MagicalRecord/Core (2.3.2)
  - MCSwipeTableViewCell (2.1.4)
  - SwiftyJSON (2.3.2)
  - UICountingLabel (1.4.0)

DEPENDENCIES:
  - Alamofire
  - Crashlytics
  - CVCalendar (~> 1.2.7)
  - Fabric
  - MagicalRecord
  - MCSwipeTableViewCell (~> 2.1.4)
  - SwiftyJSON
  - UICountingLabel

SPEC CHECKSUMS:
  Alamofire: 4da478599fccddff361205c8929333d7fe18dceb
  Crashlytics: e4e8d02914f2608fbc7bf42b1a7af838b0db67a2
  CVCalendar: b7eda65b57b7ca6efae7c3d123a163882b3a3595
  Fabric: 338ffd3c2afcab120638907b4251189de9ad17b3
  MagicalRecord: 53bed74b4323b930992a725be713e53b37d19755
  MCSwipeTableViewCell: 1b303e16c3a26b1982f3a68386e9b8c5fc8344c3
  SwiftyJSON: 04ccea08915aa0109039157c7974cf0298da292a
  UICountingLabel: ed5ce5b6d5ef278ff40d99cfa49577a30ab0c87b

COCOAPODS: 0.39.0
