// !$*UTF8*$!
{
	archiveVersion = 1;
	classes = {
	};
	objectVersion = 46;
	objects = {

/* Begin PBXBuildFile section */
		37044EA91C8B0EFD00010AB7 /* LoginProvider.swift in Sources */ = {isa = PBXBuildFile; fileRef = 37044EA81C8B0EFD00010AB7 /* LoginProvider.swift */; };
		37044EAB1C8B0F9600010AB7 /* LoginProviderDelegate.swift in Sources */ = {isa = PBXBuildFile; fileRef = 37044EAA1C8B0F9600010AB7 /* LoginProviderDelegate.swift */; };
		37044EAE1C8B110300010AB7 /* ProfessionalTableViewCell.swift in Sources */ = {isa = PBXBuildFile; fileRef = 37044EAC1C8B110300010AB7 /* ProfessionalTableViewCell.swift */; };
		37044EAF1C8B110300010AB7 /* ProfessionalTableViewCell.xib in Resources */ = {isa = PBXBuildFile; fileRef = 37044EAD1C8B110300010AB7 /* ProfessionalTableViewCell.xib */; };
		37127B701BE29A18006656BC /* Exercise.swift in Sources */ = {isa = PBXBuildFile; fileRef = 37127B6F1BE29A18006656BC /* Exercise.swift */; };
		371E356D1BE16EC40011DF69 /* ExerciseTableViewCell.swift in Sources */ = {isa = PBXBuildFile; fileRef = 371E356C1BE16EC40011DF69 /* ExerciseTableViewCell.swift */; };
		371E35711BE171AD0011DF69 /* FinishedExerciseTableViewCell.swift in Sources */ = {isa = PBXBuildFile; fileRef = 371E35701BE171AD0011DF69 /* FinishedExerciseTableViewCell.swift */; };
		3721768F1C94CC8B002B4007 /* UIViewController+PresentAlert.swift in Sources */ = {isa = PBXBuildFile; fileRef = 3721768E1C94CC8B002B4007 /* UIViewController+PresentAlert.swift */; };
		372EAA4C1BE68BF40049DF73 /* PostViewController.swift in Sources */ = {isa = PBXBuildFile; fileRef = 372EAA4B1BE68BF40049DF73 /* PostViewController.swift */; };
		373297291CA36161008AEB05 /* JSONSerializable.swift in Sources */ = {isa = PBXBuildFile; fileRef = 373297281CA36161008AEB05 /* JSONSerializable.swift */; };
		3732972B1CA4856C008AEB05 /* PostTableViewCellDelegate.swift in Sources */ = {isa = PBXBuildFile; fileRef = 3732972A1CA4856C008AEB05 /* PostTableViewCellDelegate.swift */; };
		374407AA1BE6A33A00C7ECBD /* ProgramDetailsTableViewController.swift in Sources */ = {isa = PBXBuildFile; fileRef = 374407A91BE6A33A00C7ECBD /* ProgramDetailsTableViewController.swift */; };
		374407AC1BE7B71100C7ECBD /* ProfessionalTableViewController.swift in Sources */ = {isa = PBXBuildFile; fileRef = 374407AB1BE7B71100C7ECBD /* ProfessionalTableViewController.swift */; };
		374578991BDE5FDE004935BC /* UIColor+Athlete.swift in Sources */ = {isa = PBXBuildFile; fileRef = 374578981BDE5FDE004935BC /* UIColor+Athlete.swift */; };
		3745789B1BDE6B18004935BC /* NewsTableViewController.swift in Sources */ = {isa = PBXBuildFile; fileRef = 3745789A1BDE6B18004935BC /* NewsTableViewController.swift */; };
		37493D0F1C832FDC009C6C1A /* TrainersListTableViewController.swift in Sources */ = {isa = PBXBuildFile; fileRef = 37493D0E1C832FDC009C6C1A /* TrainersListTableViewController.swift */; };
		37493D111C8336D0009C6C1A /* TrainerCategory.swift in Sources */ = {isa = PBXBuildFile; fileRef = 37493D101C8336D0009C6C1A /* TrainerCategory.swift */; };
		374A78411C970707004D30AD /* PhoneSighUpSessionData.swift in Sources */ = {isa = PBXBuildFile; fileRef = 374A78401C970707004D30AD /* PhoneSighUpSessionData.swift */; };
		374A78431C977C99004D30AD /* LocalStorageHelper.swift in Sources */ = {isa = PBXBuildFile; fileRef = 374A78421C977C99004D30AD /* LocalStorageHelper.swift */; };
		374A78451C982B7A004D30AD /* ProgramType.swift in Sources */ = {isa = PBXBuildFile; fileRef = 374A78441C982B7A004D30AD /* ProgramType.swift */; };
		374A78471C982E94004D30AD /* ExerciseType.swift in Sources */ = {isa = PBXBuildFile; fileRef = 374A78461C982E94004D30AD /* ExerciseType.swift */; };
		374D46831CD6240900234FC5 /* ProgramTableViewCell.swift in Sources */ = {isa = PBXBuildFile; fileRef = 374D46811CD6240900234FC5 /* ProgramTableViewCell.swift */; };
		374D46841CD6240900234FC5 /* ProgramTableViewCell.xib in Resources */ = {isa = PBXBuildFile; fileRef = 374D46821CD6240900234FC5 /* ProgramTableViewCell.xib */; };
		375E296C1C95BB8C00E3CD2D /* PhoneLoginTableViewController.swift in Sources */ = {isa = PBXBuildFile; fileRef = 375E296B1C95BB8C00E3CD2D /* PhoneLoginTableViewController.swift */; };
		3760E91D1BE16C9900B62CB7 /* Training.storyboard in Resources */ = {isa = PBXBuildFile; fileRef = 3760E91B1BE16C9900B62CB7 /* Training.storyboard */; };
		376142DE1C90C6700073B5F4 /* Login.storyboard in Resources */ = {isa = PBXBuildFile; fileRef = 376142DD1C90C6700073B5F4 /* Login.storyboard */; };
		376142E11C90C8CB0073B5F4 /* LoginViewController.swift in Sources */ = {isa = PBXBuildFile; fileRef = 376142E01C90C8CB0073B5F4 /* LoginViewController.swift */; };
		376142E31C91C17B0073B5F4 /* LoginButton.swift in Sources */ = {isa = PBXBuildFile; fileRef = 376142E21C91C17B0073B5F4 /* LoginButton.swift */; };
		3767BCA71C7F8DED00DF5D01 /* ProfileCardTableViewCell.swift in Sources */ = {isa = PBXBuildFile; fileRef = 3767BCA51C7F8DED00DF5D01 /* ProfileCardTableViewCell.swift */; };
		3767BCA81C7F8DED00DF5D01 /* ProfileCardTableViewCell.xib in Resources */ = {isa = PBXBuildFile; fileRef = 3767BCA61C7F8DED00DF5D01 /* ProfileCardTableViewCell.xib */; };
		376A346C1C8707D300400FAF /* ChatsTableViewController.swift in Sources */ = {isa = PBXBuildFile; fileRef = 376A346B1C8707D300400FAF /* ChatsTableViewController.swift */; };
		376A346E1C8709E800400FAF /* Conversation.swift in Sources */ = {isa = PBXBuildFile; fileRef = 376A346D1C8709E800400FAF /* Conversation.swift */; };
		376A34701C870F6600400FAF /* Message.swift in Sources */ = {isa = PBXBuildFile; fileRef = 376A346F1C870F6600400FAF /* Message.swift */; };
		376F65711C7C8E6B0016071C /* Previewable.swift in Sources */ = {isa = PBXBuildFile; fileRef = 376F65701C7C8E6B0016071C /* Previewable.swift */; };
		376F65741C7C958A0016071C /* PostCommentTableViewCell.swift in Sources */ = {isa = PBXBuildFile; fileRef = 376F65721C7C958A0016071C /* PostCommentTableViewCell.swift */; };
		376F65751C7C958A0016071C /* PostCommentTableViewCell.xib in Resources */ = {isa = PBXBuildFile; fileRef = 376F65731C7C958A0016071C /* PostCommentTableViewCell.xib */; };
		376F65771C7C97EE0016071C /* TextPresentable.swift in Sources */ = {isa = PBXBuildFile; fileRef = 376F65761C7C97EE0016071C /* TextPresentable.swift */; };
		376F65791C7C9EDA0016071C /* Comment.swift in Sources */ = {isa = PBXBuildFile; fileRef = 376F65781C7C9EDA0016071C /* Comment.swift */; };
		376F657B1C7CA0B30016071C /* CommentViewModel.swift in Sources */ = {isa = PBXBuildFile; fileRef = 376F657A1C7CA0B30016071C /* CommentViewModel.swift */; };
		3778CA261BE2E40D003E5941 /* TrainingTipTableViewCell.swift in Sources */ = {isa = PBXBuildFile; fileRef = 3778CA251BE2E40D003E5941 /* TrainingTipTableViewCell.swift */; };
		3781B2731CD915230059D841 /* ProgramPresentable.swift in Sources */ = {isa = PBXBuildFile; fileRef = 3781B2721CD915230059D841 /* ProgramPresentable.swift */; };
		3781B2751CD917B70059D841 /* ProgramViewModel.swift in Sources */ = {isa = PBXBuildFile; fileRef = 3781B2741CD917B70059D841 /* ProgramViewModel.swift */; };
		37821F531BE1699500149523 /* TrainingViewController.swift in Sources */ = {isa = PBXBuildFile; fileRef = 37821F521BE1699500149523 /* TrainingViewController.swift */; };
		378A3F411BE80E7B00715658 /* EditExerciseTableViewController.swift in Sources */ = {isa = PBXBuildFile; fileRef = 378A3F401BE80E7B00715658 /* EditExerciseTableViewController.swift */; };
		379C641D1CA6E71600A32C90 /* ButtonsStripView.swift in Sources */ = {isa = PBXBuildFile; fileRef = 379C641C1CA6E71600A32C90 /* ButtonsStripView.swift */; };
		379E912B1C95F47D00D96175 /* ServerResponse.swift in Sources */ = {isa = PBXBuildFile; fileRef = 379E912A1C95F47D00D96175 /* ServerResponse.swift */; };
		379E912D1C95F4AC00D96175 /* ServerRoute.swift in Sources */ = {isa = PBXBuildFile; fileRef = 379E912C1C95F4AC00D96175 /* ServerRoute.swift */; };
		37A295E41CDA1B05000C0D57 /* TrainingTableViewCell.xib in Resources */ = {isa = PBXBuildFile; fileRef = 37A295E31CDA1B05000C0D57 /* TrainingTableViewCell.xib */; };
		37A295E71CDA2423000C0D57 /* TrainingViewModel.swift in Sources */ = {isa = PBXBuildFile; fileRef = 37A295E61CDA2423000C0D57 /* TrainingViewModel.swift */; };
		37A295E91CDA28F1000C0D57 /* TrainingPresentable.swift in Sources */ = {isa = PBXBuildFile; fileRef = 37A295E81CDA28F1000C0D57 /* TrainingPresentable.swift */; };
		37A53C3F1BDE527F00D1DA70 /* AppDelegate.swift in Sources */ = {isa = PBXBuildFile; fileRef = 37A53C3E1BDE527F00D1DA70 /* AppDelegate.swift */; };
		37A53C461BDE527F00D1DA70 /* Main.storyboard in Resources */ = {isa = PBXBuildFile; fileRef = 37A53C441BDE527F00D1DA70 /* Main.storyboard */; };
		37A53C481BDE527F00D1DA70 /* Assets.xcassets in Resources */ = {isa = PBXBuildFile; fileRef = 37A53C471BDE527F00D1DA70 /* Assets.xcassets */; };
		37A53C4B1BDE527F00D1DA70 /* LaunchScreen.storyboard in Resources */ = {isa = PBXBuildFile; fileRef = 37A53C491BDE527F00D1DA70 /* LaunchScreen.storyboard */; };
		37A53C561BDE527F00D1DA70 /* AthleteTests.swift in Sources */ = {isa = PBXBuildFile; fileRef = 37A53C551BDE527F00D1DA70 /* AthleteTests.swift */; };
		37A53C621BDE59C300D1DA70 /* News.storyboard in Resources */ = {isa = PBXBuildFile; fileRef = 37A53C601BDE59C300D1DA70 /* News.storyboard */; };
		37A53C641BDE59DF00D1DA70 /* Professionals.storyboard in Resources */ = {isa = PBXBuildFile; fileRef = 37A53C631BDE59DF00D1DA70 /* Professionals.storyboard */; };
		37A53C671BDE5A6400D1DA70 /* Trainings.storyboard in Resources */ = {isa = PBXBuildFile; fileRef = 37A53C651BDE5A6400D1DA70 /* Trainings.storyboard */; };
		37A53C691BDE5A9D00D1DA70 /* Store.storyboard in Resources */ = {isa = PBXBuildFile; fileRef = 37A53C681BDE5A9D00D1DA70 /* Store.storyboard */; };
		37A53C6C1BDE5ACD00D1DA70 /* Profile.storyboard in Resources */ = {isa = PBXBuildFile; fileRef = 37A53C6A1BDE5ACD00D1DA70 /* Profile.storyboard */; };
		37A6A1251C7AEEB8007F0944 /* TrainerPresentable.swift in Sources */ = {isa = PBXBuildFile; fileRef = 37A6A1241C7AEEB8007F0944 /* TrainerPresentable.swift */; };
		37A6A1291C7AEECE007F0944 /* DateTimePresentable.swift in Sources */ = {isa = PBXBuildFile; fileRef = 37A6A1281C7AEECE007F0944 /* DateTimePresentable.swift */; };
		37A6A12B1C7B1510007F0944 /* PostViewModel.swift in Sources */ = {isa = PBXBuildFile; fileRef = 37A6A12A1C7B1510007F0944 /* PostViewModel.swift */; };
		37A6A12F1C7B4F97007F0944 /* PostPresentable.swift in Sources */ = {isa = PBXBuildFile; fileRef = 37A6A12E1C7B4F97007F0944 /* PostPresentable.swift */; };
		37A80DA71BE4E793001B36E5 /* ExerciseViewController.swift in Sources */ = {isa = PBXBuildFile; fileRef = 37A80DA61BE4E793001B36E5 /* ExerciseViewController.swift */; };
		37AC2ADE1C7B5C1B007543F4 /* NumberFormatter.swift in Sources */ = {isa = PBXBuildFile; fileRef = 37AC2ADD1C7B5C1B007543F4 /* NumberFormatter.swift */; };
		37AC2AE01C7BD798007543F4 /* UserPresentable.swift in Sources */ = {isa = PBXBuildFile; fileRef = 37AC2ADF1C7BD798007543F4 /* UserPresentable.swift */; };
		37C279061BE80673004D3174 /* ExerciseCellDelegate.swift in Sources */ = {isa = PBXBuildFile; fileRef = 37C279051BE80673004D3174 /* ExerciseCellDelegate.swift */; };
		37C564491C77D2E600BC370E /* PostTableViewCell.xib in Resources */ = {isa = PBXBuildFile; fileRef = 37C564481C77D2E600BC370E /* PostTableViewCell.xib */; };
		37C7F5BD1BDF9826007BA0A9 /* TrainingTableViewCell.swift in Sources */ = {isa = PBXBuildFile; fileRef = 37C7F5BC1BDF9826007BA0A9 /* TrainingTableViewCell.swift */; };
		37D025381BE65DB80006145A /* ProfileTableViewController.swift in Sources */ = {isa = PBXBuildFile; fileRef = 37D025371BE65DB80006145A /* ProfileTableViewController.swift */; };
		37D3DD801BE2D04D00208543 /* TrainingTipsViewController.swift in Sources */ = {isa = PBXBuildFile; fileRef = 37D3DD7F1BE2D04D00208543 /* TrainingTipsViewController.swift */; };
		37D7AD8A1C787A2800CA96E9 /* Post.swift in Sources */ = {isa = PBXBuildFile; fileRef = 37D7AD891C787A2800CA96E9 /* Post.swift */; };
		37D7AD8C1C787D1A00CA96E9 /* Trainter.swift in Sources */ = {isa = PBXBuildFile; fileRef = 37D7AD8B1C787D1A00CA96E9 /* Trainter.swift */; };
		37D7AD8E1C788FC300CA96E9 /* Program.swift in Sources */ = {isa = PBXBuildFile; fileRef = 37D7AD8D1C788FC300CA96E9 /* Program.swift */; };
		37D7AD951C7896D200CA96E9 /* ServerManager.swift in Sources */ = {isa = PBXBuildFile; fileRef = 37D7AD941C7896D200CA96E9 /* ServerManager.swift */; };
		37D7AD971C78984800CA96E9 /* ServerError.swift in Sources */ = {isa = PBXBuildFile; fileRef = 37D7AD961C78984800CA96E9 /* ServerError.swift */; };
		37D7AD991C79D5E000CA96E9 /* CardView.swift in Sources */ = {isa = PBXBuildFile; fileRef = 37D7AD981C79D5E000CA96E9 /* CardView.swift */; };
		37D7AD9B1C79D7B200CA96E9 /* CircleImageView.swift in Sources */ = {isa = PBXBuildFile; fileRef = 37D7AD9A1C79D7B200CA96E9 /* CircleImageView.swift */; };
		37D7AD9F1C79D93100CA96E9 /* BadgeView.swift in Sources */ = {isa = PBXBuildFile; fileRef = 37D7AD9E1C79D93100CA96E9 /* BadgeView.swift */; };
		37DA52761CA8298B00FD58B8 /* StripButtonItem.swift in Sources */ = {isa = PBXBuildFile; fileRef = 37DA52751CA8298B00FD58B8 /* StripButtonItem.swift */; };
		37DA52781CA829F000FD58B8 /* ButtonStripViewDelegate.swift in Sources */ = {isa = PBXBuildFile; fileRef = 37DA52771CA829F000FD58B8 /* ButtonStripViewDelegate.swift */; };
		37DA527A1CA87DBD00FD58B8 /* ActionTableViewCell.swift in Sources */ = {isa = PBXBuildFile; fileRef = 37DA52791CA87DBD00FD58B8 /* ActionTableViewCell.swift */; };
		37DA527C1CA87EA800FD58B8 /* ActionTableViewCellDelegate.swift in Sources */ = {isa = PBXBuildFile; fileRef = 37DA527B1CA87EA800FD58B8 /* ActionTableViewCellDelegate.swift */; };
		37E4A44C1BDEE2D4004193BF /* ProfessionalsViewController.swift in Sources */ = {isa = PBXBuildFile; fileRef = 37E4A44B1BDEE2D4004193BF /* ProfessionalsViewController.swift */; };
		37E4A4501BDF81B8004193BF /* StoreTableViewController.swift in Sources */ = {isa = PBXBuildFile; fileRef = 37E4A44F1BDF81B8004193BF /* StoreTableViewController.swift */; };
		37E4A4541BDF8739004193BF /* TrainingsViewController.swift in Sources */ = {isa = PBXBuildFile; fileRef = 37E4A4531BDF8739004193BF /* TrainingsViewController.swift */; };
		37E4A4561BDF8CE8004193BF /* Training.swift in Sources */ = {isa = PBXBuildFile; fileRef = 37E4A4551BDF8CE8004193BF /* Training.swift */; };
		37F01C8E1C77CD3800910D58 /* User.swift in Sources */ = {isa = PBXBuildFile; fileRef = 37F01C8D1C77CD3800910D58 /* User.swift */; };
		37FD38D61C961F1000600682 /* PhoneVerificationTableViewController.swift in Sources */ = {isa = PBXBuildFile; fileRef = 37FD38D51C961F1000600682 /* PhoneVerificationTableViewController.swift */; };
		37FD38D81C962AA700600682 /* NewUserViewController.swift in Sources */ = {isa = PBXBuildFile; fileRef = 37FD38D71C962AA700600682 /* NewUserViewController.swift */; };
		37FE685E1BDE73D100EE6C9A /* PostTableViewCell.swift in Sources */ = {isa = PBXBuildFile; fileRef = 37FE685D1BDE73D100EE6C9A /* PostTableViewCell.swift */; };
		C63FAAF7468662834E19C38E /* Pods.framework in Frameworks */ = {isa = PBXBuildFile; fileRef = B9E4A795499BD0C36E4550CA /* Pods.framework */; };
/* End PBXBuildFile section */

/* Begin PBXContainerItemProxy section */
		37A53C521BDE527F00D1DA70 /* PBXContainerItemProxy */ = {
			isa = PBXContainerItemProxy;
			containerPortal = 37A53C331BDE527F00D1DA70 /* Project object */;
			proxyType = 1;
			remoteGlobalIDString = 37A53C3A1BDE527F00D1DA70;
			remoteInfo = Athlete;
		};
/* End PBXContainerItemProxy section */

/* Begin PBXFileReference section */
		37044EA81C8B0EFD00010AB7 /* LoginProvider.swift */ = {isa = PBXFileReference; fileEncoding = 4; lastKnownFileType = sourcecode.swift; path = LoginProvider.swift; sourceTree = "<group>"; };
		37044EAA1C8B0F9600010AB7 /* LoginProviderDelegate.swift */ = {isa = PBXFileReference; fileEncoding = 4; lastKnownFileType = sourcecode.swift; path = LoginProviderDelegate.swift; sourceTree = "<group>"; };
		37044EAC1C8B110300010AB7 /* ProfessionalTableViewCell.swift */ = {isa = PBXFileReference; fileEncoding = 4; lastKnownFileType = sourcecode.swift; path = ProfessionalTableViewCell.swift; sourceTree = "<group>"; };
		37044EAD1C8B110300010AB7 /* ProfessionalTableViewCell.xib */ = {isa = PBXFileReference; fileEncoding = 4; lastKnownFileType = file.xib; path = ProfessionalTableViewCell.xib; sourceTree = "<group>"; };
		37127B6F1BE29A18006656BC /* Exercise.swift */ = {isa = PBXFileReference; fileEncoding = 4; lastKnownFileType = sourcecode.swift; path = Exercise.swift; sourceTree = "<group>"; };
		371E356C1BE16EC40011DF69 /* ExerciseTableViewCell.swift */ = {isa = PBXFileReference; fileEncoding = 4; lastKnownFileType = sourcecode.swift; path = ExerciseTableViewCell.swift; sourceTree = "<group>"; };
		371E35701BE171AD0011DF69 /* FinishedExerciseTableViewCell.swift */ = {isa = PBXFileReference; fileEncoding = 4; lastKnownFileType = sourcecode.swift; path = FinishedExerciseTableViewCell.swift; sourceTree = "<group>"; };
		3721768E1C94CC8B002B4007 /* UIViewController+PresentAlert.swift */ = {isa = PBXFileReference; fileEncoding = 4; lastKnownFileType = sourcecode.swift; path = "UIViewController+PresentAlert.swift"; sourceTree = "<group>"; };
		372EAA4B1BE68BF40049DF73 /* PostViewController.swift */ = {isa = PBXFileReference; fileEncoding = 4; lastKnownFileType = sourcecode.swift; path = PostViewController.swift; sourceTree = "<group>"; };
		373297281CA36161008AEB05 /* JSONSerializable.swift */ = {isa = PBXFileReference; fileEncoding = 4; lastKnownFileType = sourcecode.swift; path = JSONSerializable.swift; sourceTree = "<group>"; };
		3732972A1CA4856C008AEB05 /* PostTableViewCellDelegate.swift */ = {isa = PBXFileReference; fileEncoding = 4; lastKnownFileType = sourcecode.swift; path = PostTableViewCellDelegate.swift; sourceTree = "<group>"; };
		374407A91BE6A33A00C7ECBD /* ProgramDetailsTableViewController.swift */ = {isa = PBXFileReference; fileEncoding = 4; lastKnownFileType = sourcecode.swift; path = ProgramDetailsTableViewController.swift; sourceTree = "<group>"; };
		374407AB1BE7B71100C7ECBD /* ProfessionalTableViewController.swift */ = {isa = PBXFileReference; fileEncoding = 4; lastKnownFileType = sourcecode.swift; path = ProfessionalTableViewController.swift; sourceTree = "<group>"; };
		374578981BDE5FDE004935BC /* UIColor+Athlete.swift */ = {isa = PBXFileReference; fileEncoding = 4; lastKnownFileType = sourcecode.swift; path = "UIColor+Athlete.swift"; sourceTree = "<group>"; };
		3745789A1BDE6B18004935BC /* NewsTableViewController.swift */ = {isa = PBXFileReference; fileEncoding = 4; lastKnownFileType = sourcecode.swift; path = NewsTableViewController.swift; sourceTree = "<group>"; };
		37493D0E1C832FDC009C6C1A /* TrainersListTableViewController.swift */ = {isa = PBXFileReference; fileEncoding = 4; lastKnownFileType = sourcecode.swift; path = TrainersListTableViewController.swift; sourceTree = "<group>"; };
		37493D101C8336D0009C6C1A /* TrainerCategory.swift */ = {isa = PBXFileReference; fileEncoding = 4; lastKnownFileType = sourcecode.swift; path = TrainerCategory.swift; sourceTree = "<group>"; };
		374A78401C970707004D30AD /* PhoneSighUpSessionData.swift */ = {isa = PBXFileReference; fileEncoding = 4; lastKnownFileType = sourcecode.swift; path = PhoneSighUpSessionData.swift; sourceTree = "<group>"; };
		374A78421C977C99004D30AD /* LocalStorageHelper.swift */ = {isa = PBXFileReference; fileEncoding = 4; lastKnownFileType = sourcecode.swift; path = LocalStorageHelper.swift; sourceTree = "<group>"; };
		374A78441C982B7A004D30AD /* ProgramType.swift */ = {isa = PBXFileReference; fileEncoding = 4; lastKnownFileType = sourcecode.swift; path = ProgramType.swift; sourceTree = "<group>"; };
		374A78461C982E94004D30AD /* ExerciseType.swift */ = {isa = PBXFileReference; fileEncoding = 4; lastKnownFileType = sourcecode.swift; path = ExerciseType.swift; sourceTree = "<group>"; };
		374D46811CD6240900234FC5 /* ProgramTableViewCell.swift */ = {isa = PBXFileReference; fileEncoding = 4; lastKnownFileType = sourcecode.swift; path = ProgramTableViewCell.swift; sourceTree = "<group>"; };
		374D46821CD6240900234FC5 /* ProgramTableViewCell.xib */ = {isa = PBXFileReference; fileEncoding = 4; lastKnownFileType = file.xib; path = ProgramTableViewCell.xib; sourceTree = "<group>"; };
		375E296B1C95BB8C00E3CD2D /* PhoneLoginTableViewController.swift */ = {isa = PBXFileReference; fileEncoding = 4; lastKnownFileType = sourcecode.swift; path = PhoneLoginTableViewController.swift; sourceTree = "<group>"; };
		3760E91C1BE16C9900B62CB7 /* Base */ = {isa = PBXFileReference; lastKnownFileType = file.storyboard; name = Base; path = Base.lproj/Training.storyboard; sourceTree = "<group>"; };
		376142DD1C90C6700073B5F4 /* Login.storyboard */ = {isa = PBXFileReference; fileEncoding = 4; lastKnownFileType = file.storyboard; path = Login.storyboard; sourceTree = "<group>"; };
		376142E01C90C8CB0073B5F4 /* LoginViewController.swift */ = {isa = PBXFileReference; fileEncoding = 4; lastKnownFileType = sourcecode.swift; path = LoginViewController.swift; sourceTree = "<group>"; };
		376142E21C91C17B0073B5F4 /* LoginButton.swift */ = {isa = PBXFileReference; fileEncoding = 4; lastKnownFileType = sourcecode.swift; path = LoginButton.swift; sourceTree = "<group>"; };
		3767BCA51C7F8DED00DF5D01 /* ProfileCardTableViewCell.swift */ = {isa = PBXFileReference; fileEncoding = 4; lastKnownFileType = sourcecode.swift; path = ProfileCardTableViewCell.swift; sourceTree = "<group>"; };
		3767BCA61C7F8DED00DF5D01 /* ProfileCardTableViewCell.xib */ = {isa = PBXFileReference; fileEncoding = 4; lastKnownFileType = file.xib; path = ProfileCardTableViewCell.xib; sourceTree = "<group>"; };
		376A346B1C8707D300400FAF /* ChatsTableViewController.swift */ = {isa = PBXFileReference; fileEncoding = 4; lastKnownFileType = sourcecode.swift; path = ChatsTableViewController.swift; sourceTree = "<group>"; };
		376A346D1C8709E800400FAF /* Conversation.swift */ = {isa = PBXFileReference; fileEncoding = 4; lastKnownFileType = sourcecode.swift; path = Conversation.swift; sourceTree = "<group>"; };
		376A346F1C870F6600400FAF /* Message.swift */ = {isa = PBXFileReference; fileEncoding = 4; lastKnownFileType = sourcecode.swift; path = Message.swift; sourceTree = "<group>"; };
		376F65701C7C8E6B0016071C /* Previewable.swift */ = {isa = PBXFileReference; fileEncoding = 4; lastKnownFileType = sourcecode.swift; path = Previewable.swift; sourceTree = "<group>"; };
		376F65721C7C958A0016071C /* PostCommentTableViewCell.swift */ = {isa = PBXFileReference; fileEncoding = 4; lastKnownFileType = sourcecode.swift; path = PostCommentTableViewCell.swift; sourceTree = "<group>"; };
		376F65731C7C958A0016071C /* PostCommentTableViewCell.xib */ = {isa = PBXFileReference; fileEncoding = 4; lastKnownFileType = file.xib; path = PostCommentTableViewCell.xib; sourceTree = "<group>"; };
		376F65761C7C97EE0016071C /* TextPresentable.swift */ = {isa = PBXFileReference; fileEncoding = 4; lastKnownFileType = sourcecode.swift; path = TextPresentable.swift; sourceTree = "<group>"; };
		376F65781C7C9EDA0016071C /* Comment.swift */ = {isa = PBXFileReference; fileEncoding = 4; lastKnownFileType = sourcecode.swift; path = Comment.swift; sourceTree = "<group>"; };
		376F657A1C7CA0B30016071C /* CommentViewModel.swift */ = {isa = PBXFileReference; fileEncoding = 4; lastKnownFileType = sourcecode.swift; path = CommentViewModel.swift; sourceTree = "<group>"; };
		3778CA251BE2E40D003E5941 /* TrainingTipTableViewCell.swift */ = {isa = PBXFileReference; fileEncoding = 4; lastKnownFileType = sourcecode.swift; path = TrainingTipTableViewCell.swift; sourceTree = "<group>"; };
		3781B2721CD915230059D841 /* ProgramPresentable.swift */ = {isa = PBXFileReference; fileEncoding = 4; lastKnownFileType = sourcecode.swift; path = ProgramPresentable.swift; sourceTree = "<group>"; };
		3781B2741CD917B70059D841 /* ProgramViewModel.swift */ = {isa = PBXFileReference; fileEncoding = 4; lastKnownFileType = sourcecode.swift; path = ProgramViewModel.swift; sourceTree = "<group>"; };
		37821F521BE1699500149523 /* TrainingViewController.swift */ = {isa = PBXFileReference; fileEncoding = 4; lastKnownFileType = sourcecode.swift; path = TrainingViewController.swift; sourceTree = "<group>"; };
		378A3F401BE80E7B00715658 /* EditExerciseTableViewController.swift */ = {isa = PBXFileReference; fileEncoding = 4; lastKnownFileType = sourcecode.swift; path = EditExerciseTableViewController.swift; sourceTree = "<group>"; };
		379C641C1CA6E71600A32C90 /* ButtonsStripView.swift */ = {isa = PBXFileReference; fileEncoding = 4; lastKnownFileType = sourcecode.swift; path = ButtonsStripView.swift; sourceTree = "<group>"; };
		379E912A1C95F47D00D96175 /* ServerResponse.swift */ = {isa = PBXFileReference; fileEncoding = 4; lastKnownFileType = sourcecode.swift; path = ServerResponse.swift; sourceTree = "<group>"; };
		379E912C1C95F4AC00D96175 /* ServerRoute.swift */ = {isa = PBXFileReference; fileEncoding = 4; lastKnownFileType = sourcecode.swift; path = ServerRoute.swift; sourceTree = "<group>"; };
		37A295E31CDA1B05000C0D57 /* TrainingTableViewCell.xib */ = {isa = PBXFileReference; fileEncoding = 4; lastKnownFileType = file.xib; path = TrainingTableViewCell.xib; sourceTree = "<group>"; };
		37A295E61CDA2423000C0D57 /* TrainingViewModel.swift */ = {isa = PBXFileReference; fileEncoding = 4; lastKnownFileType = sourcecode.swift; path = TrainingViewModel.swift; sourceTree = "<group>"; };
		37A295E81CDA28F1000C0D57 /* TrainingPresentable.swift */ = {isa = PBXFileReference; fileEncoding = 4; lastKnownFileType = sourcecode.swift; path = TrainingPresentable.swift; sourceTree = "<group>"; };
		37A53C3B1BDE527F00D1DA70 /* Athlete.app */ = {isa = PBXFileReference; explicitFileType = wrapper.application; includeInIndex = 0; path = Athlete.app; sourceTree = BUILT_PRODUCTS_DIR; };
		37A53C3E1BDE527F00D1DA70 /* AppDelegate.swift */ = {isa = PBXFileReference; lastKnownFileType = sourcecode.swift; path = AppDelegate.swift; sourceTree = "<group>"; };
		37A53C451BDE527F00D1DA70 /* Base */ = {isa = PBXFileReference; lastKnownFileType = file.storyboard; name = Base; path = Base.lproj/Main.storyboard; sourceTree = "<group>"; };
		37A53C471BDE527F00D1DA70 /* Assets.xcassets */ = {isa = PBXFileReference; lastKnownFileType = folder.assetcatalog; path = Assets.xcassets; sourceTree = "<group>"; };
		37A53C4A1BDE527F00D1DA70 /* Base */ = {isa = PBXFileReference; lastKnownFileType = file.storyboard; name = Base; path = Base.lproj/LaunchScreen.storyboard; sourceTree = "<group>"; };
		37A53C4C1BDE527F00D1DA70 /* Info.plist */ = {isa = PBXFileReference; lastKnownFileType = text.plist.xml; path = Info.plist; sourceTree = "<group>"; };
		37A53C511BDE527F00D1DA70 /* AthleteTests.xctest */ = {isa = PBXFileReference; explicitFileType = wrapper.cfbundle; includeInIndex = 0; path = AthleteTests.xctest; sourceTree = BUILT_PRODUCTS_DIR; };
		37A53C551BDE527F00D1DA70 /* AthleteTests.swift */ = {isa = PBXFileReference; lastKnownFileType = sourcecode.swift; path = AthleteTests.swift; sourceTree = "<group>"; };
		37A53C571BDE527F00D1DA70 /* Info.plist */ = {isa = PBXFileReference; lastKnownFileType = text.plist.xml; path = Info.plist; sourceTree = "<group>"; };
		37A53C611BDE59C300D1DA70 /* Base */ = {isa = PBXFileReference; lastKnownFileType = file.storyboard; name = Base; path = Athlete/Base.lproj/News.storyboard; sourceTree = "<group>"; };
		37A53C631BDE59DF00D1DA70 /* Professionals.storyboard */ = {isa = PBXFileReference; fileEncoding = 4; lastKnownFileType = file.storyboard; path = Professionals.storyboard; sourceTree = "<group>"; };
		37A53C661BDE5A6400D1DA70 /* Base */ = {isa = PBXFileReference; lastKnownFileType = file.storyboard; name = Base; path = Base.lproj/Trainings.storyboard; sourceTree = "<group>"; };
		37A53C681BDE5A9D00D1DA70 /* Store.storyboard */ = {isa = PBXFileReference; fileEncoding = 4; lastKnownFileType = file.storyboard; path = Store.storyboard; sourceTree = "<group>"; };
		37A53C6B1BDE5ACD00D1DA70 /* Base */ = {isa = PBXFileReference; lastKnownFileType = file.storyboard; name = Base; path = Base.lproj/Profile.storyboard; sourceTree = "<group>"; };
		37A6A1241C7AEEB8007F0944 /* TrainerPresentable.swift */ = {isa = PBXFileReference; fileEncoding = 4; lastKnownFileType = sourcecode.swift; path = TrainerPresentable.swift; sourceTree = "<group>"; };
		37A6A1281C7AEECE007F0944 /* DateTimePresentable.swift */ = {isa = PBXFileReference; fileEncoding = 4; lastKnownFileType = sourcecode.swift; path = DateTimePresentable.swift; sourceTree = "<group>"; };
		37A6A12A1C7B1510007F0944 /* PostViewModel.swift */ = {isa = PBXFileReference; fileEncoding = 4; lastKnownFileType = sourcecode.swift; path = PostViewModel.swift; sourceTree = "<group>"; };
		37A6A12E1C7B4F97007F0944 /* PostPresentable.swift */ = {isa = PBXFileReference; fileEncoding = 4; lastKnownFileType = sourcecode.swift; path = PostPresentable.swift; sourceTree = "<group>"; };
		37A80DA61BE4E793001B36E5 /* ExerciseViewController.swift */ = {isa = PBXFileReference; fileEncoding = 4; lastKnownFileType = sourcecode.swift; path = ExerciseViewController.swift; sourceTree = "<group>"; };
		37AC2ADD1C7B5C1B007543F4 /* NumberFormatter.swift */ = {isa = PBXFileReference; fileEncoding = 4; lastKnownFileType = sourcecode.swift; path = NumberFormatter.swift; sourceTree = "<group>"; };
		37AC2ADF1C7BD798007543F4 /* UserPresentable.swift */ = {isa = PBXFileReference; fileEncoding = 4; lastKnownFileType = sourcecode.swift; path = UserPresentable.swift; sourceTree = "<group>"; };
		37C279051BE80673004D3174 /* ExerciseCellDelegate.swift */ = {isa = PBXFileReference; fileEncoding = 4; lastKnownFileType = sourcecode.swift; path = ExerciseCellDelegate.swift; sourceTree = "<group>"; };
		37C564481C77D2E600BC370E /* PostTableViewCell.xib */ = {isa = PBXFileReference; fileEncoding = 4; lastKnownFileType = file.xib; path = PostTableViewCell.xib; sourceTree = "<group>"; };
		37C7F5BC1BDF9826007BA0A9 /* TrainingTableViewCell.swift */ = {isa = PBXFileReference; fileEncoding = 4; lastKnownFileType = sourcecode.swift; path = TrainingTableViewCell.swift; sourceTree = "<group>"; };
		37D025371BE65DB80006145A /* ProfileTableViewController.swift */ = {isa = PBXFileReference; fileEncoding = 4; lastKnownFileType = sourcecode.swift; path = ProfileTableViewController.swift; sourceTree = "<group>"; };
		37D3DD7F1BE2D04D00208543 /* TrainingTipsViewController.swift */ = {isa = PBXFileReference; fileEncoding = 4; lastKnownFileType = sourcecode.swift; path = TrainingTipsViewController.swift; sourceTree = "<group>"; };
		37D7AD891C787A2800CA96E9 /* Post.swift */ = {isa = PBXFileReference; fileEncoding = 4; lastKnownFileType = sourcecode.swift; path = Post.swift; sourceTree = "<group>"; };
		37D7AD8B1C787D1A00CA96E9 /* Trainter.swift */ = {isa = PBXFileReference; fileEncoding = 4; lastKnownFileType = sourcecode.swift; path = Trainter.swift; sourceTree = "<group>"; };
		37D7AD8D1C788FC300CA96E9 /* Program.swift */ = {isa = PBXFileReference; fileEncoding = 4; lastKnownFileType = sourcecode.swift; path = Program.swift; sourceTree = "<group>"; };
		37D7AD941C7896D200CA96E9 /* ServerManager.swift */ = {isa = PBXFileReference; fileEncoding = 4; lastKnownFileType = sourcecode.swift; path = ServerManager.swift; sourceTree = "<group>"; };
		37D7AD961C78984800CA96E9 /* ServerError.swift */ = {isa = PBXFileReference; fileEncoding = 4; lastKnownFileType = sourcecode.swift; path = ServerError.swift; sourceTree = "<group>"; };
		37D7AD981C79D5E000CA96E9 /* CardView.swift */ = {isa = PBXFileReference; fileEncoding = 4; lastKnownFileType = sourcecode.swift; path = CardView.swift; sourceTree = "<group>"; };
		37D7AD9A1C79D7B200CA96E9 /* CircleImageView.swift */ = {isa = PBXFileReference; fileEncoding = 4; lastKnownFileType = sourcecode.swift; path = CircleImageView.swift; sourceTree = "<group>"; };
		37D7AD9E1C79D93100CA96E9 /* BadgeView.swift */ = {isa = PBXFileReference; fileEncoding = 4; lastKnownFileType = sourcecode.swift; path = BadgeView.swift; sourceTree = "<group>"; };
		37DA52751CA8298B00FD58B8 /* StripButtonItem.swift */ = {isa = PBXFileReference; fileEncoding = 4; lastKnownFileType = sourcecode.swift; path = StripButtonItem.swift; sourceTree = "<group>"; };
		37DA52771CA829F000FD58B8 /* ButtonStripViewDelegate.swift */ = {isa = PBXFileReference; fileEncoding = 4; lastKnownFileType = sourcecode.swift; path = ButtonStripViewDelegate.swift; sourceTree = "<group>"; };
		37DA52791CA87DBD00FD58B8 /* ActionTableViewCell.swift */ = {isa = PBXFileReference; fileEncoding = 4; lastKnownFileType = sourcecode.swift; path = ActionTableViewCell.swift; sourceTree = "<group>"; };
		37DA527B1CA87EA800FD58B8 /* ActionTableViewCellDelegate.swift */ = {isa = PBXFileReference; fileEncoding = 4; lastKnownFileType = sourcecode.swift; path = ActionTableViewCellDelegate.swift; sourceTree = "<group>"; };
		37E4A44B1BDEE2D4004193BF /* ProfessionalsViewController.swift */ = {isa = PBXFileReference; fileEncoding = 4; lastKnownFileType = sourcecode.swift; path = ProfessionalsViewController.swift; sourceTree = "<group>"; };
		37E4A44F1BDF81B8004193BF /* StoreTableViewController.swift */ = {isa = PBXFileReference; fileEncoding = 4; lastKnownFileType = sourcecode.swift; path = StoreTableViewController.swift; sourceTree = "<group>"; };
		37E4A4531BDF8739004193BF /* TrainingsViewController.swift */ = {isa = PBXFileReference; fileEncoding = 4; lastKnownFileType = sourcecode.swift; path = TrainingsViewController.swift; sourceTree = "<group>"; };
		37E4A4551BDF8CE8004193BF /* Training.swift */ = {isa = PBXFileReference; fileEncoding = 4; lastKnownFileType = sourcecode.swift; path = Training.swift; sourceTree = "<group>"; };
		37F01C8D1C77CD3800910D58 /* User.swift */ = {isa = PBXFileReference; fileEncoding = 4; lastKnownFileType = sourcecode.swift; path = User.swift; sourceTree = "<group>"; };
		37FD38D51C961F1000600682 /* PhoneVerificationTableViewController.swift */ = {isa = PBXFileReference; fileEncoding = 4; lastKnownFileType = sourcecode.swift; path = PhoneVerificationTableViewController.swift; sourceTree = "<group>"; };
		37FD38D71C962AA700600682 /* NewUserViewController.swift */ = {isa = PBXFileReference; fileEncoding = 4; lastKnownFileType = sourcecode.swift; path = NewUserViewController.swift; sourceTree = "<group>"; };
		37FE685D1BDE73D100EE6C9A /* PostTableViewCell.swift */ = {isa = PBXFileReference; fileEncoding = 4; lastKnownFileType = sourcecode.swift; path = PostTableViewCell.swift; sourceTree = "<group>"; };
		5DB4598A77E426C2258F015F /* Pods.release.xcconfig */ = {isa = PBXFileReference; includeInIndex = 1; lastKnownFileType = text.xcconfig; name = Pods.release.xcconfig; path = "Pods/Target Support Files/Pods/Pods.release.xcconfig"; sourceTree = "<group>"; };
		B9E4A795499BD0C36E4550CA /* Pods.framework */ = {isa = PBXFileReference; explicitFileType = wrapper.framework; includeInIndex = 0; path = Pods.framework; sourceTree = BUILT_PRODUCTS_DIR; };
		C13A235849A4CE3AA4A26C77 /* Pods.debug.xcconfig */ = {isa = PBXFileReference; includeInIndex = 1; lastKnownFileType = text.xcconfig; name = Pods.debug.xcconfig; path = "Pods/Target Support Files/Pods/Pods.debug.xcconfig"; sourceTree = "<group>"; };
/* End PBXFileReference section */

/* Begin PBXFrameworksBuildPhase section */
		37A53C381BDE527F00D1DA70 /* Frameworks */ = {
			isa = PBXFrameworksBuildPhase;
			buildActionMask = 2147483647;
			files = (
				C63FAAF7468662834E19C38E /* Pods.framework in Frameworks */,
			);
			runOnlyForDeploymentPostprocessing = 0;
		};
		37A53C4E1BDE527F00D1DA70 /* Frameworks */ = {
			isa = PBXFrameworksBuildPhase;
			buildActionMask = 2147483647;
			files = (
			);
			runOnlyForDeploymentPostprocessing = 0;
		};
/* End PBXFrameworksBuildPhase section */

/* Begin PBXGroup section */
		3732972C1CA4AB25008AEB05 /* Domain Model */ = {
			isa = PBXGroup;
			children = (
				37E4A4551BDF8CE8004193BF /* Training.swift */,
				37127B6F1BE29A18006656BC /* Exercise.swift */,
				374A78461C982E94004D30AD /* ExerciseType.swift */,
				37F01C8D1C77CD3800910D58 /* User.swift */,
				37D7AD891C787A2800CA96E9 /* Post.swift */,
				376F65781C7C9EDA0016071C /* Comment.swift */,
				37D7AD8B1C787D1A00CA96E9 /* Trainter.swift */,
				37493D101C8336D0009C6C1A /* TrainerCategory.swift */,
				37D7AD8D1C788FC300CA96E9 /* Program.swift */,
				374A78441C982B7A004D30AD /* ProgramType.swift */,
				376A346D1C8709E800400FAF /* Conversation.swift */,
				376A346F1C870F6600400FAF /* Message.swift */,
			);
			name = "Domain Model";
			sourceTree = "<group>";
		};
		374578921BDE5C29004935BC /* UI */ = {
			isa = PBXGroup;
			children = (
				37A53C441BDE527F00D1DA70 /* Main.storyboard */,
				37A53C601BDE59C300D1DA70 /* News.storyboard */,
				37A53C631BDE59DF00D1DA70 /* Professionals.storyboard */,
				37A53C651BDE5A6400D1DA70 /* Trainings.storyboard */,
				3760E91B1BE16C9900B62CB7 /* Training.storyboard */,
				37A53C681BDE5A9D00D1DA70 /* Store.storyboard */,
				37A53C6A1BDE5ACD00D1DA70 /* Profile.storyboard */,
				37A53C491BDE527F00D1DA70 /* LaunchScreen.storyboard */,
				376142DD1C90C6700073B5F4 /* Login.storyboard */,
			);
			name = UI;
			sourceTree = "<group>";
		};
		374578931BDE5CCA004935BC /* Controllers */ = {
			isa = PBXGroup;
			children = (
				376142DF1C90C8B50073B5F4 /* Login */,
				376A346B1C8707D300400FAF /* ChatsTableViewController.swift */,
				37C5644B1C77D76000BC370E /* News */,
				37C5644C1C77D77A00BC370E /* Professionals */,
				37C5644D1C77D79C00BC370E /* Workout */,
				37C5644E1C77D7AB00BC370E /* Store */,
				37C5644F1C77D7CA00BC370E /* Profile */,
			);
			name = Controllers;
			sourceTree = "<group>";
		};
		374578941BDE5CF5004935BC /* Configuration */ = {
			isa = PBXGroup;
			children = (
				37A53C3E1BDE527F00D1DA70 /* AppDelegate.swift */,
				37A53C4C1BDE527F00D1DA70 /* Info.plist */,
			);
			name = Configuration;
			sourceTree = "<group>";
		};
		374578951BDE5D11004935BC /* Views */ = {
			isa = PBXGroup;
			children = (
				37DA52741CA8284000FD58B8 /* ButtonStripView */,
				37C5644A1C77D32000BC370E /* News */,
				37D7AD851C7877B800CA96E9 /* Professionals */,
				37D7AD861C7877D000CA96E9 /* Workout */,
				37D7AD871C78786600CA96E9 /* Store */,
				37D7AD881C78786C00CA96E9 /* Profile */,
				37DA527D1CA8992800FD58B8 /* ActionTableViewCell */,
				37D7AD981C79D5E000CA96E9 /* CardView.swift */,
				37D7AD9A1C79D7B200CA96E9 /* CircleImageView.swift */,
				37D7AD9E1C79D93100CA96E9 /* BadgeView.swift */,
				376142E21C91C17B0073B5F4 /* LoginButton.swift */,
			);
			name = Views;
			sourceTree = "<group>";
		};
		374578961BDE5D19004935BC /* Models */ = {
			isa = PBXGroup;
			children = (
				379E912E1C95F73300D96175 /* Server Manager */,
				3732972C1CA4AB25008AEB05 /* Domain Model */,
				374A78401C970707004D30AD /* PhoneSighUpSessionData.swift */,
				37AC2ADD1C7B5C1B007543F4 /* NumberFormatter.swift */,
				37044EA81C8B0EFD00010AB7 /* LoginProvider.swift */,
				37044EAA1C8B0F9600010AB7 /* LoginProviderDelegate.swift */,
				374A78421C977C99004D30AD /* LocalStorageHelper.swift */,
			);
			name = Models;
			sourceTree = "<group>";
		};
		374578971BDE5D28004935BC /* Extensions */ = {
			isa = PBXGroup;
			children = (
				374578981BDE5FDE004935BC /* UIColor+Athlete.swift */,
				3721768E1C94CC8B002B4007 /* UIViewController+PresentAlert.swift */,
			);
			name = Extensions;
			sourceTree = "<group>";
		};
		376142DC1C8C7BF60073B5F4 /* View models */ = {
			isa = PBXGroup;
			children = (
				37A295E61CDA2423000C0D57 /* TrainingViewModel.swift */,
				37A6A12A1C7B1510007F0944 /* PostViewModel.swift */,
				376F657A1C7CA0B30016071C /* CommentViewModel.swift */,
				3781B2741CD917B70059D841 /* ProgramViewModel.swift */,
			);
			name = "View models";
			sourceTree = "<group>";
		};
		376142DF1C90C8B50073B5F4 /* Login */ = {
			isa = PBXGroup;
			children = (
				376142E01C90C8CB0073B5F4 /* LoginViewController.swift */,
				375E296B1C95BB8C00E3CD2D /* PhoneLoginTableViewController.swift */,
				37FD38D51C961F1000600682 /* PhoneVerificationTableViewController.swift */,
				37FD38D71C962AA700600682 /* NewUserViewController.swift */,
			);
			name = Login;
			sourceTree = "<group>";
		};
		379E912E1C95F73300D96175 /* Server Manager */ = {
			isa = PBXGroup;
			children = (
				37D7AD941C7896D200CA96E9 /* ServerManager.swift */,
				379E912A1C95F47D00D96175 /* ServerResponse.swift */,
				379E912C1C95F4AC00D96175 /* ServerRoute.swift */,
				37D7AD961C78984800CA96E9 /* ServerError.swift */,
			);
			name = "Server Manager";
			sourceTree = "<group>";
		};
		37A295E51CDA1B0A000C0D57 /* TrainingTableViewCell */ = {
			isa = PBXGroup;
			children = (
				37C7F5BC1BDF9826007BA0A9 /* TrainingTableViewCell.swift */,
				37A295E31CDA1B05000C0D57 /* TrainingTableViewCell.xib */,
			);
			name = TrainingTableViewCell;
			sourceTree = "<group>";
		};
		37A53C321BDE527F00D1DA70 = {
			isa = PBXGroup;
			children = (
				37A53C3D1BDE527F00D1DA70 /* Athlete */,
				37A53C541BDE527F00D1DA70 /* AthleteTests */,
				37A53C3C1BDE527F00D1DA70 /* Products */,
				8CFC98BAD0D20BE66D71D191 /* Pods */,
				892E18CF12D4EEB8163E0861 /* Frameworks */,
			);
			sourceTree = "<group>";
		};
		37A53C3C1BDE527F00D1DA70 /* Products */ = {
			isa = PBXGroup;
			children = (
				37A53C3B1BDE527F00D1DA70 /* Athlete.app */,
				37A53C511BDE527F00D1DA70 /* AthleteTests.xctest */,
			);
			name = Products;
			sourceTree = "<group>";
		};
		37A53C3D1BDE527F00D1DA70 /* Athlete */ = {
			isa = PBXGroup;
			children = (
				374578951BDE5D11004935BC /* Views */,
				374578931BDE5CCA004935BC /* Controllers */,
				37A6A1211C7AEE65007F0944 /* Protocols */,
				376142DC1C8C7BF60073B5F4 /* View models */,
				374578961BDE5D19004935BC /* Models */,
				374578921BDE5C29004935BC /* UI */,
				374578971BDE5D28004935BC /* Extensions */,
				374578941BDE5CF5004935BC /* Configuration */,
				37A53C471BDE527F00D1DA70 /* Assets.xcassets */,
			);
			path = Athlete;
			sourceTree = "<group>";
		};
		37A53C541BDE527F00D1DA70 /* AthleteTests */ = {
			isa = PBXGroup;
			children = (
				37A53C551BDE527F00D1DA70 /* AthleteTests.swift */,
				37A53C571BDE527F00D1DA70 /* Info.plist */,
			);
			path = AthleteTests;
			sourceTree = "<group>";
		};
		37A6A1211C7AEE65007F0944 /* Protocols */ = {
			isa = PBXGroup;
			children = (
				37A295E81CDA28F1000C0D57 /* TrainingPresentable.swift */,
				37A6A1241C7AEEB8007F0944 /* TrainerPresentable.swift */,
				37A6A1281C7AEECE007F0944 /* DateTimePresentable.swift */,
				37A6A12E1C7B4F97007F0944 /* PostPresentable.swift */,
				37AC2ADF1C7BD798007543F4 /* UserPresentable.swift */,
				376F65701C7C8E6B0016071C /* Previewable.swift */,
				376F65761C7C97EE0016071C /* TextPresentable.swift */,
				373297281CA36161008AEB05 /* JSONSerializable.swift */,
				3732972A1CA4856C008AEB05 /* PostTableViewCellDelegate.swift */,
				3781B2721CD915230059D841 /* ProgramPresentable.swift */,
			);
			name = Protocols;
			sourceTree = "<group>";
		};
		37C5644A1C77D32000BC370E /* News */ = {
			isa = PBXGroup;
			children = (
				37FE685D1BDE73D100EE6C9A /* PostTableViewCell.swift */,
				37C564481C77D2E600BC370E /* PostTableViewCell.xib */,
				376F65721C7C958A0016071C /* PostCommentTableViewCell.swift */,
				376F65731C7C958A0016071C /* PostCommentTableViewCell.xib */,
			);
			name = News;
			sourceTree = "<group>";
		};
		37C5644B1C77D76000BC370E /* News */ = {
			isa = PBXGroup;
			children = (
				3745789A1BDE6B18004935BC /* NewsTableViewController.swift */,
				372EAA4B1BE68BF40049DF73 /* PostViewController.swift */,
			);
			name = News;
			sourceTree = "<group>";
		};
		37C5644C1C77D77A00BC370E /* Professionals */ = {
			isa = PBXGroup;
			children = (
				37E4A44B1BDEE2D4004193BF /* ProfessionalsViewController.swift */,
				37493D0E1C832FDC009C6C1A /* TrainersListTableViewController.swift */,
				374407AB1BE7B71100C7ECBD /* ProfessionalTableViewController.swift */,
			);
			name = Professionals;
			sourceTree = "<group>";
		};
		37C5644D1C77D79C00BC370E /* Workout */ = {
			isa = PBXGroup;
			children = (
				37E4A4531BDF8739004193BF /* TrainingsViewController.swift */,
				378A3F401BE80E7B00715658 /* EditExerciseTableViewController.swift */,
				37D3DD7F1BE2D04D00208543 /* TrainingTipsViewController.swift */,
				37821F521BE1699500149523 /* TrainingViewController.swift */,
				37A80DA61BE4E793001B36E5 /* ExerciseViewController.swift */,
			);
			name = Workout;
			sourceTree = "<group>";
		};
		37C5644E1C77D7AB00BC370E /* Store */ = {
			isa = PBXGroup;
			children = (
				37E4A44F1BDF81B8004193BF /* StoreTableViewController.swift */,
				374407A91BE6A33A00C7ECBD /* ProgramDetailsTableViewController.swift */,
			);
			name = Store;
			sourceTree = "<group>";
		};
		37C5644F1C77D7CA00BC370E /* Profile */ = {
			isa = PBXGroup;
			children = (
				37D025371BE65DB80006145A /* ProfileTableViewController.swift */,
			);
			name = Profile;
			sourceTree = "<group>";
		};
		37D7AD851C7877B800CA96E9 /* Professionals */ = {
			isa = PBXGroup;
			children = (
				37044EAC1C8B110300010AB7 /* ProfessionalTableViewCell.swift */,
				37044EAD1C8B110300010AB7 /* ProfessionalTableViewCell.xib */,
			);
			name = Professionals;
			sourceTree = "<group>";
		};
		37D7AD861C7877D000CA96E9 /* Workout */ = {
			isa = PBXGroup;
			children = (
				37A295E51CDA1B0A000C0D57 /* TrainingTableViewCell */,
				37C279051BE80673004D3174 /* ExerciseCellDelegate.swift */,
				3778CA251BE2E40D003E5941 /* TrainingTipTableViewCell.swift */,
				371E356C1BE16EC40011DF69 /* ExerciseTableViewCell.swift */,
				371E35701BE171AD0011DF69 /* FinishedExerciseTableViewCell.swift */,
			);
			name = Workout;
			sourceTree = "<group>";
		};
		37D7AD871C78786600CA96E9 /* Store */ = {
			isa = PBXGroup;
			children = (
				374D46811CD6240900234FC5 /* ProgramTableViewCell.swift */,
				374D46821CD6240900234FC5 /* ProgramTableViewCell.xib */,
			);
			name = Store;
			sourceTree = "<group>";
		};
		37D7AD881C78786C00CA96E9 /* Profile */ = {
			isa = PBXGroup;
			children = (
				3767BCA51C7F8DED00DF5D01 /* ProfileCardTableViewCell.swift */,
				3767BCA61C7F8DED00DF5D01 /* ProfileCardTableViewCell.xib */,
			);
			name = Profile;
			sourceTree = "<group>";
		};
		37DA52741CA8284000FD58B8 /* ButtonStripView */ = {
			isa = PBXGroup;
			children = (
				379C641C1CA6E71600A32C90 /* ButtonsStripView.swift */,
				37DA52751CA8298B00FD58B8 /* StripButtonItem.swift */,
				37DA52771CA829F000FD58B8 /* ButtonStripViewDelegate.swift */,
			);
			name = ButtonStripView;
			sourceTree = "<group>";
		};
		37DA527D1CA8992800FD58B8 /* ActionTableViewCell */ = {
			isa = PBXGroup;
			children = (
				37DA52791CA87DBD00FD58B8 /* ActionTableViewCell.swift */,
				37DA527B1CA87EA800FD58B8 /* ActionTableViewCellDelegate.swift */,
			);
			name = ActionTableViewCell;
			sourceTree = "<group>";
		};
		892E18CF12D4EEB8163E0861 /* Frameworks */ = {
			isa = PBXGroup;
			children = (
				B9E4A795499BD0C36E4550CA /* Pods.framework */,
			);
			name = Frameworks;
			sourceTree = "<group>";
		};
		8CFC98BAD0D20BE66D71D191 /* Pods */ = {
			isa = PBXGroup;
			children = (
				C13A235849A4CE3AA4A26C77 /* Pods.debug.xcconfig */,
				5DB4598A77E426C2258F015F /* Pods.release.xcconfig */,
			);
			name = Pods;
			sourceTree = "<group>";
		};
/* End PBXGroup section */

/* Begin PBXNativeTarget section */
		37A53C3A1BDE527F00D1DA70 /* Athlete */ = {
			isa = PBXNativeTarget;
			buildConfigurationList = 37A53C5A1BDE527F00D1DA70 /* Build configuration list for PBXNativeTarget "Athlete" */;
			buildPhases = (
				BF861F3F47EE3D1A02061B2F /* Check Pods Manifest.lock */,
				37A53C371BDE527F00D1DA70 /* Sources */,
				37A53C381BDE527F00D1DA70 /* Frameworks */,
				37A53C391BDE527F00D1DA70 /* Resources */,
				D385DDFEFB2D78D4EFCE0674 /* Embed Pods Frameworks */,
				7A577ABBE0ECACEE36621645 /* Copy Pods Resources */,
				375870751BE1663C00C20FC3 /* ShellScript */,
			);
			buildRules = (
			);
			dependencies = (
			);
			name = Athlete;
			productName = Athlete;
			productReference = 37A53C3B1BDE527F00D1DA70 /* Athlete.app */;
			productType = "com.apple.product-type.application";
		};
		37A53C501BDE527F00D1DA70 /* AthleteTests */ = {
			isa = PBXNativeTarget;
			buildConfigurationList = 37A53C5D1BDE527F00D1DA70 /* Build configuration list for PBXNativeTarget "AthleteTests" */;
			buildPhases = (
				37A53C4D1BDE527F00D1DA70 /* Sources */,
				37A53C4E1BDE527F00D1DA70 /* Frameworks */,
				37A53C4F1BDE527F00D1DA70 /* Resources */,
			);
			buildRules = (
			);
			dependencies = (
				37A53C531BDE527F00D1DA70 /* PBXTargetDependency */,
			);
			name = AthleteTests;
			productName = AthleteTests;
			productReference = 37A53C511BDE527F00D1DA70 /* AthleteTests.xctest */;
			productType = "com.apple.product-type.bundle.unit-test";
		};
/* End PBXNativeTarget section */

/* Begin PBXProject section */
		37A53C331BDE527F00D1DA70 /* Project object */ = {
			isa = PBXProject;
			attributes = {
				LastSwiftUpdateCheck = 0710;
				LastUpgradeCheck = 0710;
				ORGANIZATIONNAME = BinaryBlitz;
				TargetAttributes = {
					37A53C3A1BDE527F00D1DA70 = {
						CreatedOnToolsVersion = 7.1;
						DevelopmentTeam = 4WGG8V34K4;
						SystemCapabilities = {
							com.apple.Push = {
								enabled = 1;
							};
						};
					};
					37A53C501BDE527F00D1DA70 = {
						CreatedOnToolsVersion = 7.1;
						TestTargetID = 37A53C3A1BDE527F00D1DA70;
					};
				};
			};
			buildConfigurationList = 37A53C361BDE527F00D1DA70 /* Build configuration list for PBXProject "Athlete" */;
			compatibilityVersion = "Xcode 3.2";
			developmentRegion = English;
			hasScannedForEncodings = 0;
			knownRegions = (
				en,
				Base,
			);
			mainGroup = 37A53C321BDE527F00D1DA70;
			productRefGroup = 37A53C3C1BDE527F00D1DA70 /* Products */;
			projectDirPath = "";
			projectRoot = "";
			targets = (
				37A53C3A1BDE527F00D1DA70 /* Athlete */,
				37A53C501BDE527F00D1DA70 /* AthleteTests */,
			);
		};
/* End PBXProject section */

/* Begin PBXResourcesBuildPhase section */
		37A53C391BDE527F00D1DA70 /* Resources */ = {
			isa = PBXResourcesBuildPhase;
			buildActionMask = 2147483647;
			files = (
				374D46841CD6240900234FC5 /* ProgramTableViewCell.xib in Resources */,
				37A53C671BDE5A6400D1DA70 /* Trainings.storyboard in Resources */,
				37A53C4B1BDE527F00D1DA70 /* LaunchScreen.storyboard in Resources */,
				376142DE1C90C6700073B5F4 /* Login.storyboard in Resources */,
				37A53C6C1BDE5ACD00D1DA70 /* Profile.storyboard in Resources */,
				37A53C481BDE527F00D1DA70 /* Assets.xcassets in Resources */,
				37C564491C77D2E600BC370E /* PostTableViewCell.xib in Resources */,
				37044EAF1C8B110300010AB7 /* ProfessionalTableViewCell.xib in Resources */,
				3760E91D1BE16C9900B62CB7 /* Training.storyboard in Resources */,
				37A295E41CDA1B05000C0D57 /* TrainingTableViewCell.xib in Resources */,
				37A53C461BDE527F00D1DA70 /* Main.storyboard in Resources */,
				37A53C621BDE59C300D1DA70 /* News.storyboard in Resources */,
				37A53C691BDE5A9D00D1DA70 /* Store.storyboard in Resources */,
				37A53C641BDE59DF00D1DA70 /* Professionals.storyboard in Resources */,
				376F65751C7C958A0016071C /* PostCommentTableViewCell.xib in Resources */,
				3767BCA81C7F8DED00DF5D01 /* ProfileCardTableViewCell.xib in Resources */,
			);
			runOnlyForDeploymentPostprocessing = 0;
		};
		37A53C4F1BDE527F00D1DA70 /* Resources */ = {
			isa = PBXResourcesBuildPhase;
			buildActionMask = 2147483647;
			files = (
			);
			runOnlyForDeploymentPostprocessing = 0;
		};
/* End PBXResourcesBuildPhase section */

/* Begin PBXShellScriptBuildPhase section */
		375870751BE1663C00C20FC3 /* ShellScript */ = {
			isa = PBXShellScriptBuildPhase;
			buildActionMask = 2147483647;
			files = (
			);
			inputPaths = (
			);
			outputPaths = (
			);
			runOnlyForDeploymentPostprocessing = 0;
			shellPath = /bin/sh;
			shellScript = "\"${PODS_ROOT}/Fabric/run\" 886de8c1d524dbaa9dfdbd457b8c8469ecafdfd4 fe43661af277625de578631f794d9557e38adacd6b02682d23b328918ca7fbf6";
		};
		7A577ABBE0ECACEE36621645 /* Copy Pods Resources */ = {
			isa = PBXShellScriptBuildPhase;
			buildActionMask = 2147483647;
			files = (
			);
			inputPaths = (
			);
			name = "Copy Pods Resources";
			outputPaths = (
			);
			runOnlyForDeploymentPostprocessing = 0;
			shellPath = /bin/sh;
			shellScript = "\"${SRCROOT}/Pods/Target Support Files/Pods/Pods-resources.sh\"\n";
			showEnvVarsInLog = 0;
		};
		BF861F3F47EE3D1A02061B2F /* Check Pods Manifest.lock */ = {
			isa = PBXShellScriptBuildPhase;
			buildActionMask = 2147483647;
			files = (
			);
			inputPaths = (
			);
			name = "Check Pods Manifest.lock";
			outputPaths = (
			);
			runOnlyForDeploymentPostprocessing = 0;
			shellPath = /bin/sh;
			shellScript = "diff \"${PODS_ROOT}/../Podfile.lock\" \"${PODS_ROOT}/Manifest.lock\" > /dev/null\nif [[ $? != 0 ]] ; then\n    cat << EOM\nerror: The sandbox is not in sync with the Podfile.lock. Run 'pod install' or update your CocoaPods installation.\nEOM\n    exit 1\nfi\n";
			showEnvVarsInLog = 0;
		};
		D385DDFEFB2D78D4EFCE0674 /* Embed Pods Frameworks */ = {
			isa = PBXShellScriptBuildPhase;
			buildActionMask = 2147483647;
			files = (
			);
			inputPaths = (
			);
			name = "Embed Pods Frameworks";
			outputPaths = (
			);
			runOnlyForDeploymentPostprocessing = 0;
			shellPath = /bin/sh;
			shellScript = "\"${SRCROOT}/Pods/Target Support Files/Pods/Pods-frameworks.sh\"\n";
			showEnvVarsInLog = 0;
		};
/* End PBXShellScriptBuildPhase section */

/* Begin PBXSourcesBuildPhase section */
		37A53C371BDE527F00D1DA70 /* Sources */ = {
			isa = PBXSourcesBuildPhase;
			buildActionMask = 2147483647;
			files = (
				373297291CA36161008AEB05 /* JSONSerializable.swift in Sources */,
				374A78431C977C99004D30AD /* LocalStorageHelper.swift in Sources */,
				376142E31C91C17B0073B5F4 /* LoginButton.swift in Sources */,
				376142E11C90C8CB0073B5F4 /* LoginViewController.swift in Sources */,
				37A6A12B1C7B1510007F0944 /* PostViewModel.swift in Sources */,
				37DA527A1CA87DBD00FD58B8 /* ActionTableViewCell.swift in Sources */,
				37D7AD9F1C79D93100CA96E9 /* BadgeView.swift in Sources */,
				37D7AD9B1C79D7B200CA96E9 /* CircleImageView.swift in Sources */,
				376A34701C870F6600400FAF /* Message.swift in Sources */,
				374407AC1BE7B71100C7ECBD /* ProfessionalTableViewController.swift in Sources */,
				37DA52761CA8298B00FD58B8 /* StripButtonItem.swift in Sources */,
				37A53C3F1BDE527F00D1DA70 /* AppDelegate.swift in Sources */,
				3778CA261BE2E40D003E5941 /* TrainingTipTableViewCell.swift in Sources */,
				37F01C8E1C77CD3800910D58 /* User.swift in Sources */,
				37D7AD8E1C788FC300CA96E9 /* Program.swift in Sources */,
				37D7AD971C78984800CA96E9 /* ServerError.swift in Sources */,
				3781B2731CD915230059D841 /* ProgramPresentable.swift in Sources */,
				376F65741C7C958A0016071C /* PostCommentTableViewCell.swift in Sources */,
				374578991BDE5FDE004935BC /* UIColor+Athlete.swift in Sources */,
				37AC2ADE1C7B5C1B007543F4 /* NumberFormatter.swift in Sources */,
				375E296C1C95BB8C00E3CD2D /* PhoneLoginTableViewController.swift in Sources */,
				37044EAB1C8B0F9600010AB7 /* LoginProviderDelegate.swift in Sources */,
				37044EA91C8B0EFD00010AB7 /* LoginProvider.swift in Sources */,
				37DA52781CA829F000FD58B8 /* ButtonStripViewDelegate.swift in Sources */,
				37DA527C1CA87EA800FD58B8 /* ActionTableViewCellDelegate.swift in Sources */,
				37E4A4541BDF8739004193BF /* TrainingsViewController.swift in Sources */,
				378A3F411BE80E7B00715658 /* EditExerciseTableViewController.swift in Sources */,
				37D7AD991C79D5E000CA96E9 /* CardView.swift in Sources */,
				37D7AD951C7896D200CA96E9 /* ServerManager.swift in Sources */,
				3721768F1C94CC8B002B4007 /* UIViewController+PresentAlert.swift in Sources */,
				376F657B1C7CA0B30016071C /* CommentViewModel.swift in Sources */,
				37C7F5BD1BDF9826007BA0A9 /* TrainingTableViewCell.swift in Sources */,
				37127B701BE29A18006656BC /* Exercise.swift in Sources */,
				37044EAE1C8B110300010AB7 /* ProfessionalTableViewCell.swift in Sources */,
				37A6A1251C7AEEB8007F0944 /* TrainerPresentable.swift in Sources */,
				37AC2AE01C7BD798007543F4 /* UserPresentable.swift in Sources */,
				37D7AD8C1C787D1A00CA96E9 /* Trainter.swift in Sources */,
				374A78471C982E94004D30AD /* ExerciseType.swift in Sources */,
				37FE685E1BDE73D100EE6C9A /* PostTableViewCell.swift in Sources */,
				37821F531BE1699500149523 /* TrainingViewController.swift in Sources */,
				37493D0F1C832FDC009C6C1A /* TrainersListTableViewController.swift in Sources */,
				37D025381BE65DB80006145A /* ProfileTableViewController.swift in Sources */,
				371E356D1BE16EC40011DF69 /* ExerciseTableViewCell.swift in Sources */,
				374A78451C982B7A004D30AD /* ProgramType.swift in Sources */,
				37FD38D81C962AA700600682 /* NewUserViewController.swift in Sources */,
				376F65711C7C8E6B0016071C /* Previewable.swift in Sources */,
				37A6A12F1C7B4F97007F0944 /* PostPresentable.swift in Sources */,
				374407AA1BE6A33A00C7ECBD /* ProgramDetailsTableViewController.swift in Sources */,
				376F65791C7C9EDA0016071C /* Comment.swift in Sources */,
				37E4A44C1BDEE2D4004193BF /* ProfessionalsViewController.swift in Sources */,
				37493D111C8336D0009C6C1A /* TrainerCategory.swift in Sources */,
				376F65771C7C97EE0016071C /* TextPresentable.swift in Sources */,
				379C641D1CA6E71600A32C90 /* ButtonsStripView.swift in Sources */,
				37D7AD8A1C787A2800CA96E9 /* Post.swift in Sources */,
				37FD38D61C961F1000600682 /* PhoneVerificationTableViewController.swift in Sources */,
				376A346E1C8709E800400FAF /* Conversation.swift in Sources */,
				3781B2751CD917B70059D841 /* ProgramViewModel.swift in Sources */,
				374D46831CD6240900234FC5 /* ProgramTableViewCell.swift in Sources */,
				372EAA4C1BE68BF40049DF73 /* PostViewController.swift in Sources */,
				37C279061BE80673004D3174 /* ExerciseCellDelegate.swift in Sources */,
				37A295E71CDA2423000C0D57 /* TrainingViewModel.swift in Sources */,
				379E912D1C95F4AC00D96175 /* ServerRoute.swift in Sources */,
				3767BCA71C7F8DED00DF5D01 /* ProfileCardTableViewCell.swift in Sources */,
				37E4A4501BDF81B8004193BF /* StoreTableViewController.swift in Sources */,
				37A295E91CDA28F1000C0D57 /* TrainingPresentable.swift in Sources */,
				37D3DD801BE2D04D00208543 /* TrainingTipsViewController.swift in Sources */,
				3732972B1CA4856C008AEB05 /* PostTableViewCellDelegate.swift in Sources */,
				3745789B1BDE6B18004935BC /* NewsTableViewController.swift in Sources */,
				374A78411C970707004D30AD /* PhoneSighUpSessionData.swift in Sources */,
				37E4A4561BDF8CE8004193BF /* Training.swift in Sources */,
				37A80DA71BE4E793001B36E5 /* ExerciseViewController.swift in Sources */,
				37A6A1291C7AEECE007F0944 /* DateTimePresentable.swift in Sources */,
				379E912B1C95F47D00D96175 /* ServerResponse.swift in Sources */,
				371E35711BE171AD0011DF69 /* FinishedExerciseTableViewCell.swift in Sources */,
				376A346C1C8707D300400FAF /* ChatsTableViewController.swift in Sources */,
			);
			runOnlyForDeploymentPostprocessing = 0;
		};
		37A53C4D1BDE527F00D1DA70 /* Sources */ = {
			isa = PBXSourcesBuildPhase;
			buildActionMask = 2147483647;
			files = (
				37A53C561BDE527F00D1DA70 /* AthleteTests.swift in Sources */,
			);
			runOnlyForDeploymentPostprocessing = 0;
		};
/* End PBXSourcesBuildPhase section */

/* Begin PBXTargetDependency section */
		37A53C531BDE527F00D1DA70 /* PBXTargetDependency */ = {
			isa = PBXTargetDependency;
			target = 37A53C3A1BDE527F00D1DA70 /* Athlete */;
			targetProxy = 37A53C521BDE527F00D1DA70 /* PBXContainerItemProxy */;
		};
/* End PBXTargetDependency section */

/* Begin PBXVariantGroup section */
		3760E91B1BE16C9900B62CB7 /* Training.storyboard */ = {
			isa = PBXVariantGroup;
			children = (
				3760E91C1BE16C9900B62CB7 /* Base */,
			);
			name = Training.storyboard;
			sourceTree = "<group>";
		};
		37A53C441BDE527F00D1DA70 /* Main.storyboard */ = {
			isa = PBXVariantGroup;
			children = (
				37A53C451BDE527F00D1DA70 /* Base */,
			);
			name = Main.storyboard;
			sourceTree = "<group>";
		};
		37A53C491BDE527F00D1DA70 /* LaunchScreen.storyboard */ = {
			isa = PBXVariantGroup;
			children = (
				37A53C4A1BDE527F00D1DA70 /* Base */,
			);
			name = LaunchScreen.storyboard;
			sourceTree = "<group>";
		};
		37A53C601BDE59C300D1DA70 /* News.storyboard */ = {
			isa = PBXVariantGroup;
			children = (
				37A53C611BDE59C300D1DA70 /* Base */,
			);
			name = News.storyboard;
			path = ..;
			sourceTree = "<group>";
		};
		37A53C651BDE5A6400D1DA70 /* Trainings.storyboard */ = {
			isa = PBXVariantGroup;
			children = (
				37A53C661BDE5A6400D1DA70 /* Base */,
			);
			name = Trainings.storyboard;
			sourceTree = "<group>";
		};
		37A53C6A1BDE5ACD00D1DA70 /* Profile.storyboard */ = {
			isa = PBXVariantGroup;
			children = (
				37A53C6B1BDE5ACD00D1DA70 /* Base */,
			);
			name = Profile.storyboard;
			sourceTree = "<group>";
		};
/* End PBXVariantGroup section */

/* Begin XCBuildConfiguration section */
		37A53C581BDE527F00D1DA70 /* Debug */ = {
			isa = XCBuildConfiguration;
			buildSettings = {
				ALWAYS_SEARCH_USER_PATHS = NO;
				CLANG_CXX_LANGUAGE_STANDARD = "gnu++0x";
				CLANG_CXX_LIBRARY = "libc++";
				CLANG_ENABLE_MODULES = YES;
				CLANG_ENABLE_OBJC_ARC = YES;
				CLANG_WARN_BOOL_CONVERSION = YES;
				CLANG_WARN_CONSTANT_CONVERSION = YES;
				CLANG_WARN_DIRECT_OBJC_ISA_USAGE = YES_ERROR;
				CLANG_WARN_EMPTY_BODY = YES;
				CLANG_WARN_ENUM_CONVERSION = YES;
				CLANG_WARN_INT_CONVERSION = YES;
				CLANG_WARN_OBJC_ROOT_CLASS = YES_ERROR;
				CLANG_WARN_UNREACHABLE_CODE = YES;
				CLANG_WARN__DUPLICATE_METHOD_MATCH = YES;
				"CODE_SIGN_IDENTITY[sdk=iphoneos*]" = "iPhone Developer";
				COPY_PHASE_STRIP = NO;
				DEBUG_INFORMATION_FORMAT = dwarf;
				ENABLE_STRICT_OBJC_MSGSEND = YES;
				ENABLE_TESTABILITY = YES;
				GCC_C_LANGUAGE_STANDARD = gnu99;
				GCC_DYNAMIC_NO_PIC = NO;
				GCC_NO_COMMON_BLOCKS = YES;
				GCC_OPTIMIZATION_LEVEL = 0;
				GCC_PREPROCESSOR_DEFINITIONS = (
					"DEBUG=1",
					"$(inherited)",
				);
				GCC_WARN_64_TO_32_BIT_CONVERSION = YES;
				GCC_WARN_ABOUT_RETURN_TYPE = YES_ERROR;
				GCC_WARN_UNDECLARED_SELECTOR = YES;
				GCC_WARN_UNINITIALIZED_AUTOS = YES_AGGRESSIVE;
				GCC_WARN_UNUSED_FUNCTION = YES;
				GCC_WARN_UNUSED_VARIABLE = YES;
				IPHONEOS_DEPLOYMENT_TARGET = 9.1;
				MTL_ENABLE_DEBUG_INFO = YES;
				ONLY_ACTIVE_ARCH = YES;
				SDKROOT = iphoneos;
				SWIFT_OPTIMIZATION_LEVEL = "-Onone";
			};
			name = Debug;
		};
		37A53C591BDE527F00D1DA70 /* Release */ = {
			isa = XCBuildConfiguration;
			buildSettings = {
				ALWAYS_SEARCH_USER_PATHS = NO;
				CLANG_CXX_LANGUAGE_STANDARD = "gnu++0x";
				CLANG_CXX_LIBRARY = "libc++";
				CLANG_ENABLE_MODULES = YES;
				CLANG_ENABLE_OBJC_ARC = YES;
				CLANG_WARN_BOOL_CONVERSION = YES;
				CLANG_WARN_CONSTANT_CONVERSION = YES;
				CLANG_WARN_DIRECT_OBJC_ISA_USAGE = YES_ERROR;
				CLANG_WARN_EMPTY_BODY = YES;
				CLANG_WARN_ENUM_CONVERSION = YES;
				CLANG_WARN_INT_CONVERSION = YES;
				CLANG_WARN_OBJC_ROOT_CLASS = YES_ERROR;
				CLANG_WARN_UNREACHABLE_CODE = YES;
				CLANG_WARN__DUPLICATE_METHOD_MATCH = YES;
				"CODE_SIGN_IDENTITY[sdk=iphoneos*]" = "iPhone Developer";
				COPY_PHASE_STRIP = NO;
				DEBUG_INFORMATION_FORMAT = "dwarf-with-dsym";
				ENABLE_NS_ASSERTIONS = NO;
				ENABLE_STRICT_OBJC_MSGSEND = YES;
				GCC_C_LANGUAGE_STANDARD = gnu99;
				GCC_NO_COMMON_BLOCKS = YES;
				GCC_WARN_64_TO_32_BIT_CONVERSION = YES;
				GCC_WARN_ABOUT_RETURN_TYPE = YES_ERROR;
				GCC_WARN_UNDECLARED_SELECTOR = YES;
				GCC_WARN_UNINITIALIZED_AUTOS = YES_AGGRESSIVE;
				GCC_WARN_UNUSED_FUNCTION = YES;
				GCC_WARN_UNUSED_VARIABLE = YES;
				IPHONEOS_DEPLOYMENT_TARGET = 9.1;
				MTL_ENABLE_DEBUG_INFO = NO;
				SDKROOT = iphoneos;
				VALIDATE_PRODUCT = YES;
			};
			name = Release;
		};
		37A53C5B1BDE527F00D1DA70 /* Debug */ = {
			isa = XCBuildConfiguration;
			baseConfigurationReference = C13A235849A4CE3AA4A26C77 /* Pods.debug.xcconfig */;
			buildSettings = {
				ASSETCATALOG_COMPILER_APPICON_NAME = AppIcon;
				CLANG_ENABLE_MODULES = YES;
				CODE_SIGN_IDENTITY = "iPhone Developer";
				"CODE_SIGN_IDENTITY[sdk=iphoneos*]" = "iPhone Developer";
				CURRENT_PROJECT_VERSION = 9;
				DEBUG_INFORMATION_FORMAT = "dwarf-with-dsym";
				INFOPLIST_FILE = Athlete/Info.plist;
				IPHONEOS_DEPLOYMENT_TARGET = 9.0;
				LD_RUNPATH_SEARCH_PATHS = "$(inherited) @executable_path/Frameworks";
				OTHER_SWIFT_FLAGS = "$(inherited) \"-D\" \"COCOAPODS\" -DDEBUG";
				PRODUCT_BUNDLE_IDENTIFIER = ru.binaryblitz.GetFit;
				PRODUCT_NAME = "$(TARGET_NAME)";
				PROVISIONING_PROFILE = "";
				SWIFT_OBJC_BRIDGING_HEADER = "";
				SWIFT_OPTIMIZATION_LEVEL = "-Onone";
			};
			name = Debug;
		};
		37A53C5C1BDE527F00D1DA70 /* Release */ = {
			isa = XCBuildConfiguration;
			baseConfigurationReference = 5DB4598A77E426C2258F015F /* Pods.release.xcconfig */;
			buildSettings = {
				ASSETCATALOG_COMPILER_APPICON_NAME = AppIcon;
				CLANG_ENABLE_MODULES = YES;
				CODE_SIGN_IDENTITY = "iPhone Developer";
				"CODE_SIGN_IDENTITY[sdk=iphoneos*]" = "iPhone Developer";
				CURRENT_PROJECT_VERSION = 9;
				INFOPLIST_FILE = Athlete/Info.plist;
				IPHONEOS_DEPLOYMENT_TARGET = 9.0;
				LD_RUNPATH_SEARCH_PATHS = "$(inherited) @executable_path/Frameworks";
				OTHER_SWIFT_FLAGS = "$(inherited) \"-D\" \"COCOAPODS\" -DRELEASE";
				PRODUCT_BUNDLE_IDENTIFIER = ru.binaryblitz.GetFit;
				PRODUCT_NAME = "$(TARGET_NAME)";
				PROVISIONING_PROFILE = "";
				SWIFT_OBJC_BRIDGING_HEADER = "";
			};
			name = Release;
		};
		37A53C5E1BDE527F00D1DA70 /* Debug */ = {
			isa = XCBuildConfiguration;
			buildSettings = {
				BUNDLE_LOADER = "$(TEST_HOST)";
				INFOPLIST_FILE = AthleteTests/Info.plist;
				LD_RUNPATH_SEARCH_PATHS = "$(inherited) @executable_path/Frameworks @loader_path/Frameworks";
				PRODUCT_BUNDLE_IDENTIFIER = ru.binaryblitz.AthleteTests;
				PRODUCT_NAME = "$(TARGET_NAME)";
				TEST_HOST = "$(BUILT_PRODUCTS_DIR)/Athlete.app/Athlete";
			};
			name = Debug;
		};
		37A53C5F1BDE527F00D1DA70 /* Release */ = {
			isa = XCBuildConfiguration;
			buildSettings = {
				BUNDLE_LOADER = "$(TEST_HOST)";
				INFOPLIST_FILE = AthleteTests/Info.plist;
				LD_RUNPATH_SEARCH_PATHS = "$(inherited) @executable_path/Frameworks @loader_path/Frameworks";
				PRODUCT_BUNDLE_IDENTIFIER = ru.binaryblitz.AthleteTests;
				PRODUCT_NAME = "$(TARGET_NAME)";
				TEST_HOST = "$(BUILT_PRODUCTS_DIR)/Athlete.app/Athlete";
			};
			name = Release;
		};
/* End XCBuildConfiguration section */

/* Begin XCConfigurationList section */
		37A53C361BDE527F00D1DA70 /* Build configuration list for PBXProject "Athlete" */ = {
			isa = XCConfigurationList;
			buildConfigurations = (
				37A53C581BDE527F00D1DA70 /* Debug */,
				37A53C591BDE527F00D1DA70 /* Release */,
			);
			defaultConfigurationIsVisible = 0;
			defaultConfigurationName = Release;
		};
		37A53C5A1BDE527F00D1DA70 /* Build configuration list for PBXNativeTarget "Athlete" */ = {
			isa = XCConfigurationList;
			buildConfigurations = (
				37A53C5B1BDE527F00D1DA70 /* Debug */,
				37A53C5C1BDE527F00D1DA70 /* Release */,
			);
			defaultConfigurationIsVisible = 0;
			defaultConfigurationName = Release;
		};
		37A53C5D1BDE527F00D1DA70 /* Build configuration list for PBXNativeTarget "AthleteTests" */ = {
			isa = XCConfigurationList;
			buildConfigurations = (
				37A53C5E1BDE527F00D1DA70 /* Debug */,
				37A53C5F1BDE527F00D1DA70 /* Release */,
			);
			defaultConfigurationIsVisible = 0;
			defaultConfigurationName = Release;
		};
/* End XCConfigurationList section */
	};
	rootObject = 37A53C331BDE527F00D1DA70 /* Project object */;
}
